
Microsoft Visual Studio Solution File, Format Version 12.00
# Visual Studio 15
VisualStudioVersion = 15.0.28306.52
MinimumVisualStudioVersion = 10.0.40219.1
Project("{8BC9CEB8-8B4A-11D0-8D11-00A0C91BC942}") = "Fact", "Fact.vcxproj", "{656157A1-2B88-4FAE-AB50-4B5D27F31A38}"
EndProject
Global
	GlobalSection(SolutionConfigurationPlatforms) = preSolution
		Debug|x64 = Debug|x64
		Debug|x86 = Debug|x86
		Release|x64 = Release|x64
		Release|x86 = Release|x86
	EndGlobalSection
	GlobalSection(ProjectConfigurationPlatforms) = postSolution
		{656157A1-2B88-4FAE-AB50-4B5D27F31A38}.Debug|x64.ActiveCfg = Debug|x64
		{656157A1-2B88-4FAE-AB50-4B5D27F31A38}.Debug|x64.Build.0 = Debug|x64
		{656157A1-2B88-4FAE-AB50-4B5D27F31A38}.Debug|x86.ActiveCfg = Debug|x64
		{656157A1-2B88-4FAE-AB50-4B5D27F31A38}.Release|x64.ActiveCfg = Release|x64
		{656157A1-2B88-4FAE-AB50-4B5D27F31A38}.Release|x64.Build.0 = Release|x64
		{656157A1-2B88-4FAE-AB50-4B5D27F31A38}.Release|x86.ActiveCfg = Release|x64
	EndGlobalSection
	GlobalSection(SolutionProperties) = preSolution
		HideSolutionNode = FALSE
	EndGlobalSection
	GlobalSection(ExtensibilityGlobals) = postSolution
		SolutionGuid = {A3DFD280-B826-4088-8EF2-B0BC8F301300}
	EndGlobalSection
EndGlobal
